
Microsoft Visual Studio Solution File, Format Version 12.00
# Visual Studio 2013
VisualStudioVersion = 12.0.40629.0
MinimumVisualStudioVersion = 10.0.40219.1
Project("{8BC9CEB8-8B4A-11D0-8D11-00A0C91BC942}") = "MultiInherit", "MulitInherit\MulitInherit.vcxproj", "{E56CC3E6-D82C-48E8-AD76-317C366F5C5E}"
EndProject
Project("{8BC9CEB8-8B4A-11D0-8D11-00A0C91BC942}") = "SCOPE_EXIT", "SCOPE_EXIT\SCOPE_EXIT.vcxproj", "{FACC22C0-B3C4-467D-932E-94765489FC5E}"
EndProject
Project("{8BC9CEB8-8B4A-11D0-8D11-00A0C91BC942}") = "BitOperate", "BitOperate\BitOperate.vcxproj", "{460DFF2D-FE64-40A4-BDAF-47C35178F6AC}"
EndProject
Project("{8BC9CEB8-8B4A-11D0-8D11-00A0C91BC942}") = "CopyPDB", "CopyPDB\CopyPDB.vcxproj", "{B6392B61-9320-4820-8612-9025CED88DE2}"
EndProject
Project("{8BC9CEB8-8B4A-11D0-8D11-00A0C91BC942}") = "ExpertCProgramming", "ExpertCProgramming\ExpertCProgramming.vcxproj", "{621CFFF2-31DA-4E93-BCD5-B408CE4F2B1E}"
EndProject
Project("{8BC9CEB8-8B4A-11D0-8D11-00A0C91BC942}") = "MultiThreadTest", "MultiThreadTest\MultiThreadTest.vcxproj", "{190FF66C-81D7-4735-B520-4FB3BAB66117}"
EndProject
Project("{8BC9CEB8-8B4A-11D0-8D11-00A0C91BC942}") = "qSortTest", "qSortTest\qSortTest.vcxproj", "{26D5A8A9-B9CB-4523-996B-DABA58168A93}"
EndProject
Project("{8BC9CEB8-8B4A-11D0-8D11-00A0C91BC942}") = "SmartPoint", "SmartPoint\SmartPoint.vcxproj", "{5B2B28BD-62C2-4EE5-B1A5-C11DDFA90BEF}"
EndProject
Project("{8BC9CEB8-8B4A-11D0-8D11-00A0C91BC942}") = "structAlign", "structAlign\structAlign.vcxproj", "{E8776E2C-1DD9-4A10-96D6-97B4A0E650C6}"
EndProject
Project("{8BC9CEB8-8B4A-11D0-8D11-00A0C91BC942}") = "ShareMemory", "ShareMemory\ShareMemory.vcxproj", "{741831A4-7683-402D-9A9E-B66B7483B7B9}"
EndProject
Project("{8BC9CEB8-8B4A-11D0-8D11-00A0C91BC942}") = "ProcedureCameraFiles", "ProcedureCameraFiles\ProcedureCameraFiles.vcxproj", "{8BC7CE31-37C8-48F3-8C2B-76B1A3232B6B}"
EndProject
Project("{8BC9CEB8-8B4A-11D0-8D11-00A0C91BC942}") = "PreComplie", "PreComplie\PreComplie.vcxproj", "{2AB6E4BD-7AEF-4FC3-8390-89852EFC1F2C}"
EndProject
Project("{8BC9CEB8-8B4A-11D0-8D11-00A0C91BC942}") = "TempTest", "TempTest\TempTest.vcxproj", "{B9AD06E8-EF50-41E8-A24E-9A9263E3DCCC}"
EndProject
Project("{8BC9CEB8-8B4A-11D0-8D11-00A0C91BC942}") = "PrimeFactor", "PrimeFactor\PrimeFactor.vcxproj", "{BB901CB5-4DFA-4078-A5D6-84831169FB84}"
EndProject
Project("{8BC9CEB8-8B4A-11D0-8D11-00A0C91BC942}") = "FilterNumArrays", "FilterNumArrays\FilterNumArrays.vcxproj", "{B12702AD-ABFB-343A-A199-8E24837244A3}"
EndProject
Global
	GlobalSection(SolutionConfigurationPlatforms) = preSolution
		Debug|Win32 = Debug|Win32
		Debug|x64 = Debug|x64
		Release|Win32 = Release|Win32
		Release|x64 = Release|x64
	EndGlobalSection
	GlobalSection(ProjectConfigurationPlatforms) = postSolution
		{E56CC3E6-D82C-48E8-AD76-317C366F5C5E}.Debug|Win32.ActiveCfg = Debug|Win32
		{E56CC3E6-D82C-48E8-AD76-317C366F5C5E}.Debug|Win32.Build.0 = Debug|Win32
		{E56CC3E6-D82C-48E8-AD76-317C366F5C5E}.Debug|x64.ActiveCfg = Debug|Win32
		{E56CC3E6-D82C-48E8-AD76-317C366F5C5E}.Release|Win32.ActiveCfg = Release|Win32
		{E56CC3E6-D82C-48E8-AD76-317C366F5C5E}.Release|Win32.Build.0 = Release|Win32
		{E56CC3E6-D82C-48E8-AD76-317C366F5C5E}.Release|x64.ActiveCfg = Release|Win32
		{FACC22C0-B3C4-467D-932E-94765489FC5E}.Debug|Win32.ActiveCfg = Debug|Win32
		{FACC22C0-B3C4-467D-932E-94765489FC5E}.Debug|Win32.Build.0 = Debug|Win32
		{FACC22C0-B3C4-467D-932E-94765489FC5E}.Debug|x64.ActiveCfg = Debug|Win32
		{FACC22C0-B3C4-467D-932E-94765489FC5E}.Release|Win32.ActiveCfg = Release|Win32
		{FACC22C0-B3C4-467D-932E-94765489FC5E}.Release|Win32.Build.0 = Release|Win32
		{FACC22C0-B3C4-467D-932E-94765489FC5E}.Release|x64.ActiveCfg = Release|Win32
		{460DFF2D-FE64-40A4-BDAF-47C35178F6AC}.Debug|Win32.ActiveCfg = Debug|Win32
		{460DFF2D-FE64-40A4-BDAF-47C35178F6AC}.Debug|Win32.Build.0 = Debug|Win32
		{460DFF2D-FE64-40A4-BDAF-47C35178F6AC}.Debug|x64.ActiveCfg = Debug|x64
		{460DFF2D-FE64-40A4-BDAF-47C35178F6AC}.Debug|x64.Build.0 = Debug|x64
		{460DFF2D-FE64-40A4-BDAF-47C35178F6AC}.Release|Win32.ActiveCfg = Release|Win32
		{460DFF2D-FE64-40A4-BDAF-47C35178F6AC}.Release|Win32.Build.0 = Release|Win32
		{460DFF2D-FE64-40A4-BDAF-47C35178F6AC}.Release|x64.ActiveCfg = Release|x64
		{460DFF2D-FE64-40A4-BDAF-47C35178F6AC}.Release|x64.Build.0 = Release|x64
		{B6392B61-9320-4820-8612-9025CED88DE2}.Debug|Win32.ActiveCfg = Debug|Win32
		{B6392B61-9320-4820-8612-9025CED88DE2}.Debug|Win32.Build.0 = Debug|Win32
		{B6392B61-9320-4820-8612-9025CED88DE2}.Debug|x64.ActiveCfg = Debug|x64
		{B6392B61-9320-4820-8612-9025CED88DE2}.Debug|x64.Build.0 = Debug|x64
		{B6392B61-9320-4820-8612-9025CED88DE2}.Release|Win32.ActiveCfg = Release|Win32
		{B6392B61-9320-4820-8612-9025CED88DE2}.Release|Win32.Build.0 = Release|Win32
		{B6392B61-9320-4820-8612-9025CED88DE2}.Release|x64.ActiveCfg = Release|x64
		{B6392B61-9320-4820-8612-9025CED88DE2}.Release|x64.Build.0 = Release|x64
		{621CFFF2-31DA-4E93-BCD5-B408CE4F2B1E}.Debug|Win32.ActiveCfg = Debug|Win32
		{621CFFF2-31DA-4E93-BCD5-B408CE4F2B1E}.Debug|Win32.Build.0 = Debug|Win32
		{621CFFF2-31DA-4E93-BCD5-B408CE4F2B1E}.Debug|x64.ActiveCfg = Debug|x64
		{621CFFF2-31DA-4E93-BCD5-B408CE4F2B1E}.Debug|x64.Build.0 = Debug|x64
		{621CFFF2-31DA-4E93-BCD5-B408CE4F2B1E}.Release|Win32.ActiveCfg = Release|Win32
		{621CFFF2-31DA-4E93-BCD5-B408CE4F2B1E}.Release|Win32.Build.0 = Release|Win32
		{621CFFF2-31DA-4E93-BCD5-B408CE4F2B1E}.Release|x64.ActiveCfg = Release|x64
		{621CFFF2-31DA-4E93-BCD5-B408CE4F2B1E}.Release|x64.Build.0 = Release|x64
		{190FF66C-81D7-4735-B520-4FB3BAB66117}.Debug|Win32.ActiveCfg = Debug|Win32
		{190FF66C-81D7-4735-B520-4FB3BAB66117}.Debug|Win32.Build.0 = Debug|Win32
		{190FF66C-81D7-4735-B520-4FB3BAB66117}.Debug|x64.ActiveCfg = Debug|x64
		{190FF66C-81D7-4735-B520-4FB3BAB66117}.Debug|x64.Build.0 = Debug|x64
		{190FF66C-81D7-4735-B520-4FB3BAB66117}.Release|Win32.ActiveCfg = Release|Win32
		{190FF66C-81D7-4735-B520-4FB3BAB66117}.Release|Win32.Build.0 = Release|Win32
		{190FF66C-81D7-4735-B520-4FB3BAB66117}.Release|x64.ActiveCfg = Release|x64
		{190FF66C-81D7-4735-B520-4FB3BAB66117}.Release|x64.Build.0 = Release|x64
		{26D5A8A9-B9CB-4523-996B-DABA58168A93}.Debug|Win32.ActiveCfg = Debug|Win32
		{26D5A8A9-B9CB-4523-996B-DABA58168A93}.Debug|Win32.Build.0 = Debug|Win32
		{26D5A8A9-B9CB-4523-996B-DABA58168A93}.Debug|x64.ActiveCfg = Debug|x64
		{26D5A8A9-B9CB-4523-996B-DABA58168A93}.Debug|x64.Build.0 = Debug|x64
		{26D5A8A9-B9CB-4523-996B-DABA58168A93}.Release|Win32.ActiveCfg = Release|Win32
		{26D5A8A9-B9CB-4523-996B-DABA58168A93}.Release|Win32.Build.0 = Release|Win32
		{26D5A8A9-B9CB-4523-996B-DABA58168A93}.Release|x64.ActiveCfg = Release|x64
		{26D5A8A9-B9CB-4523-996B-DABA58168A93}.Release|x64.Build.0 = Release|x64
		{5B2B28BD-62C2-4EE5-B1A5-C11DDFA90BEF}.Debug|Win32.ActiveCfg = Debug|Win32
		{5B2B28BD-62C2-4EE5-B1A5-C11DDFA90BEF}.Debug|Win32.Build.0 = Debug|Win32
		{5B2B28BD-62C2-4EE5-B1A5-C11DDFA90BEF}.Debug|x64.ActiveCfg = Debug|x64
		{5B2B28BD-62C2-4EE5-B1A5-C11DDFA90BEF}.Debug|x64.Build.0 = Debug|x64
		{5B2B28BD-62C2-4EE5-B1A5-C11DDFA90BEF}.Release|Win32.ActiveCfg = Release|Win32
		{5B2B28BD-62C2-4EE5-B1A5-C11DDFA90BEF}.Release|Win32.Build.0 = Release|Win32
		{5B2B28BD-62C2-4EE5-B1A5-C11DDFA90BEF}.Release|x64.ActiveCfg = Release|x64
		{5B2B28BD-62C2-4EE5-B1A5-C11DDFA90BEF}.Release|x64.Build.0 = Release|x64
		{E8776E2C-1DD9-4A10-96D6-97B4A0E650C6}.Debug|Win32.ActiveCfg = Debug|Win32
		{E8776E2C-1DD9-4A10-96D6-97B4A0E650C6}.Debug|Win32.Build.0 = Debug|Win32
		{E8776E2C-1DD9-4A10-96D6-97B4A0E650C6}.Debug|x64.ActiveCfg = Debug|Win32
		{E8776E2C-1DD9-4A10-96D6-97B4A0E650C6}.Release|Win32.ActiveCfg = Release|Win32
		{E8776E2C-1DD9-4A10-96D6-97B4A0E650C6}.Release|Win32.Build.0 = Release|Win32
		{E8776E2C-1DD9-4A10-96D6-97B4A0E650C6}.Release|x64.ActiveCfg = Release|Win32
		{741831A4-7683-402D-9A9E-B66B7483B7B9}.Debug|Win32.ActiveCfg = Debug|Win32
		{741831A4-7683-402D-9A9E-B66B7483B7B9}.Debug|Win32.Build.0 = Debug|Win32
		{741831A4-7683-402D-9A9E-B66B7483B7B9}.Debug|x64.ActiveCfg = Debug|Win32
		{741831A4-7683-402D-9A9E-B66B7483B7B9}.Release|Win32.ActiveCfg = Release|Win32
		{741831A4-7683-402D-9A9E-B66B7483B7B9}.Release|Win32.Build.0 = Release|Win32
		{741831A4-7683-402D-9A9E-B66B7483B7B9}.Release|x64.ActiveCfg = Release|Win32
		{8BC7CE31-37C8-48F3-8C2B-76B1A3232B6B}.Debug|Win32.ActiveCfg = Debug|Win32
		{8BC7CE31-37C8-48F3-8C2B-76B1A3232B6B}.Debug|Win32.Build.0 = Debug|Win32
		{8BC7CE31-37C8-48F3-8C2B-76B1A3232B6B}.Debug|x64.ActiveCfg = Debug|x64
		{8BC7CE31-37C8-48F3-8C2B-76B1A3232B6B}.Debug|x64.Build.0 = Debug|x64
		{8BC7CE31-37C8-48F3-8C2B-76B1A3232B6B}.Release|Win32.ActiveCfg = Release|Win32
		{8BC7CE31-37C8-48F3-8C2B-76B1A3232B6B}.Release|Win32.Build.0 = Release|Win32
		{8BC7CE31-37C8-48F3-8C2B-76B1A3232B6B}.Release|x64.ActiveCfg = Release|x64
		{8BC7CE31-37C8-48F3-8C2B-76B1A3232B6B}.Release|x64.Build.0 = Release|x64
		{2AB6E4BD-7AEF-4FC3-8390-89852EFC1F2C}.Debug|Win32.ActiveCfg = Debug|Win32
		{2AB6E4BD-7AEF-4FC3-8390-89852EFC1F2C}.Debug|Win32.Build.0 = Debug|Win32
		{2AB6E4BD-7AEF-4FC3-8390-89852EFC1F2C}.Debug|x64.ActiveCfg = Debug|Win32
		{2AB6E4BD-7AEF-4FC3-8390-89852EFC1F2C}.Release|Win32.ActiveCfg = Release|Win32
		{2AB6E4BD-7AEF-4FC3-8390-89852EFC1F2C}.Release|Win32.Build.0 = Release|Win32
		{2AB6E4BD-7AEF-4FC3-8390-89852EFC1F2C}.Release|x64.ActiveCfg = Release|Win32
		{B9AD06E8-EF50-41E8-A24E-9A9263E3DCCC}.Debug|Win32.ActiveCfg = Debug|Win32
		{B9AD06E8-EF50-41E8-A24E-9A9263E3DCCC}.Debug|Win32.Build.0 = Debug|Win32
		{B9AD06E8-EF50-41E8-A24E-9A9263E3DCCC}.Debug|x64.ActiveCfg = Debug|Win32
		{B9AD06E8-EF50-41E8-A24E-9A9263E3DCCC}.Release|Win32.ActiveCfg = Release|Win32
		{B9AD06E8-EF50-41E8-A24E-9A9263E3DCCC}.Release|Win32.Build.0 = Release|Win32
		{B9AD06E8-EF50-41E8-A24E-9A9263E3DCCC}.Release|x64.ActiveCfg = Release|Win32
		{BB901CB5-4DFA-4078-A5D6-84831169FB84}.Debug|Win32.ActiveCfg = Debug|Win32
		{BB901CB5-4DFA-4078-A5D6-84831169FB84}.Debug|Win32.Build.0 = Debug|Win32
		{BB901CB5-4DFA-4078-A5D6-84831169FB84}.Debug|x64.ActiveCfg = Debug|Win32
		{BB901CB5-4DFA-4078-A5D6-84831169FB84}.Release|Win32.ActiveCfg = Release|Win32
		{BB901CB5-4DFA-4078-A5D6-84831169FB84}.Release|Win32.Build.0 = Release|Win32
		{BB901CB5-4DFA-4078-A5D6-84831169FB84}.Release|x64.ActiveCfg = Release|Win32
		{B12702AD-ABFB-343A-A199-8E24837244A3}.Debug|Win32.ActiveCfg = Debug|Win32
		{B12702AD-ABFB-343A-A199-8E24837244A3}.Debug|Win32.Build.0 = Debug|Win32
		{B12702AD-ABFB-343A-A199-8E24837244A3}.Debug|x64.ActiveCfg = Debug|Win32
		{B12702AD-ABFB-343A-A199-8E24837244A3}.Release|Win32.ActiveCfg = Release|Win32
		{B12702AD-ABFB-343A-A199-8E24837244A3}.Release|Win32.Build.0 = Release|Win32
		{B12702AD-ABFB-343A-A199-8E24837244A3}.Release|x64.ActiveCfg = Release|Win32
	EndGlobalSection
	GlobalSection(SolutionProperties) = preSolution
		HideSolutionNode = FALSE
	EndGlobalSection
EndGlobal
